// !$*UTF8*$!
{
	archiveVersion = 1;
	classes = {
	};
	objectVersion = 50;
	objects = {

/* Begin PBXBuildFile section */
		BFA4695820C1A0F40038FC24 /* AppDelegate.swift in Sources */ = {isa = PBXBuildFile; fileRef = BFA4695720C1A0F40038FC24 /* AppDelegate.swift */; };
		BFA4695A20C1A0F40038FC24 /* ViewController.swift in Sources */ = {isa = PBXBuildFile; fileRef = BFA4695920C1A0F40038FC24 /* ViewController.swift */; };
		BFA4695D20C1A0F40038FC24 /* Main.storyboard in Resources */ = {isa = PBXBuildFile; fileRef = BFA4695B20C1A0F40038FC24 /* Main.storyboard */; };
		BFA4695F20C1A0F70038FC24 /* Assets.xcassets in Resources */ = {isa = PBXBuildFile; fileRef = BFA4695E20C1A0F70038FC24 /* Assets.xcassets */; };
		BFA4696220C1A0F70038FC24 /* LaunchScreen.storyboard in Resources */ = {isa = PBXBuildFile; fileRef = BFA4696020C1A0F70038FC24 /* LaunchScreen.storyboard */; };
		BFA4696D20C1A0F80038FC24 /* BearPolarTests.swift in Sources */ = {isa = PBXBuildFile; fileRef = BFA4696C20C1A0F80038FC24 /* BearPolarTests.swift */; };
/* End PBXBuildFile section */

/* Begin PBXContainerItemProxy section */
		BFA4696920C1A0F80038FC24 /* PBXContainerItemProxy */ = {
			isa = PBXContainerItemProxy;
			containerPortal = BFA4694C20C1A0F40038FC24 /* Project object */;
			proxyType = 1;
			remoteGlobalIDString = BFA4695320C1A0F40038FC24;
			remoteInfo = BearPolar;
		};
/* End PBXContainerItemProxy section */

/* Begin PBXFileReference section */
		BFA4695420C1A0F40038FC24 /* BearPolar.app */ = {isa = PBXFileReference; explicitFileType = wrapper.application; includeInIndex = 0; path = BearPolar.app; sourceTree = BUILT_PRODUCTS_DIR; };
		BFA4695720C1A0F40038FC24 /* AppDelegate.swift */ = {isa = PBXFileReference; lastKnownFileType = sourcecode.swift; path = AppDelegate.swift; sourceTree = "<group>"; };
		BFA4695920C1A0F40038FC24 /* ViewController.swift */ = {isa = PBXFileReference; lastKnownFileType = sourcecode.swift; path = ViewController.swift; sourceTree = "<group>"; };
		BFA4695C20C1A0F40038FC24 /* Base */ = {isa = PBXFileReference; lastKnownFileType = file.storyboard; name = Base; path = Base.lproj/Main.storyboard; sourceTree = "<group>"; };
		BFA4695E20C1A0F70038FC24 /* Assets.xcassets */ = {isa = PBXFileReference; lastKnownFileType = folder.assetcatalog; path = Assets.xcassets; sourceTree = "<group>"; };
		BFA4696120C1A0F70038FC24 /* Base */ = {isa = PBXFileReference; lastKnownFileType = file.storyboard; name = Base; path = Base.lproj/LaunchScreen.storyboard; sourceTree = "<group>"; };
		BFA4696320C1A0F70038FC24 /* Info.plist */ = {isa = PBXFileReference; lastKnownFileType = text.plist.xml; path = Info.plist; sourceTree = "<group>"; };
		BFA4696820C1A0F80038FC24 /* BearPolarTests.xctest */ = {isa = PBXFileReference; explicitFileType = wrapper.cfbundle; includeInIndex = 0; path = BearPolarTests.xctest; sourceTree = BUILT_PRODUCTS_DIR; };
		BFA4696C20C1A0F80038FC24 /* BearPolarTests.swift */ = {isa = PBXFileReference; lastKnownFileType = sourcecode.swift; path = BearPolarTests.swift; sourceTree = "<group>"; };
		BFA4696E20C1A0F80038FC24 /* Info.plist */ = {isa = PBXFileReference; lastKnownFileType = text.plist.xml; path = Info.plist; sourceTree = "<group>"; };
/* End PBXFileReference section */

/* Begin PBXFrameworksBuildPhase section */
		BFA4695120C1A0F40038FC24 /* Frameworks */ = {
			isa = PBXFrameworksBuildPhase;
			buildActionMask = 2147483647;
			files = (
			);
			runOnlyForDeploymentPostprocessing = 0;
		};
		BFA4696520C1A0F80038FC24 /* Frameworks */ = {
			isa = PBXFrameworksBuildPhase;
			buildActionMask = 2147483647;
			files = (
			);
			runOnlyForDeploymentPostprocessing = 0;
		};
/* End PBXFrameworksBuildPhase section */

/* Begin PBXGroup section */
		BFA4694B20C1A0F40038FC24 = {
			isa = PBXGroup;
			children = (
				BFA4695620C1A0F40038FC24 /* BearPolar */,
				BFA4696B20C1A0F80038FC24 /* BearPolarTests */,
				BFA4695520C1A0F40038FC24 /* Products */,
			);
			sourceTree = "<group>";
		};
		BFA4695520C1A0F40038FC24 /* Products */ = {
			isa = PBXGroup;
			children = (
				BFA4695420C1A0F40038FC24 /* BearPolar.app */,
				BFA4696820C1A0F80038FC24 /* BearPolarTests.xctest */,
			);
			name = Products;
			sourceTree = "<group>";
		};
		BFA4695620C1A0F40038FC24 /* BearPolar */ = {
			isa = PBXGroup;
			children = (
				BFA4695720C1A0F40038FC24 /* AppDelegate.swift */,
				BFA4695920C1A0F40038FC24 /* ViewController.swift */,
				BFA4695B20C1A0F40038FC24 /* Main.storyboard */,
				BFA4695E20C1A0F70038FC24 /* Assets.xcassets */,
				BFA4696020C1A0F70038FC24 /* LaunchScreen.storyboard */,
				BFA4696320C1A0F70038FC24 /* Info.plist */,
			);
			path = BearPolar;
			sourceTree = "<group>";
		};
		BFA4696B20C1A0F80038FC24 /* BearPolarTests */ = {
			isa = PBXGroup;
			children = (
				BFA4696C20C1A0F80038FC24 /* BearPolarTests.swift */,
				BFA4696E20C1A0F80038FC24 /* Info.plist */,
			);
			path = BearPolarTests;
			sourceTree = "<group>";
		};
/* End PBXGroup section */

/* Begin PBXNativeTarget section */
		BFA4695320C1A0F40038FC24 /* BearPolar */ = {
			isa = PBXNativeTarget;
			buildConfigurationList = BFA4697120C1A0F80038FC24 /* Build configuration list for PBXNativeTarget "BearPolar" */;
			buildPhases = (
				BFA4695020C1A0F40038FC24 /* Sources */,
				BFA4695120C1A0F40038FC24 /* Frameworks */,
				BFA4695220C1A0F40038FC24 /* Resources */,
			);
			buildRules = (
			);
			dependencies = (
			);
			name = BearPolar;
			productName = BearPolar;
			productReference = BFA4695420C1A0F40038FC24 /* BearPolar.app */;
			productType = "com.apple.product-type.application";
		};
		BFA4696720C1A0F80038FC24 /* BearPolarTests */ = {
			isa = PBXNativeTarget;
			buildConfigurationList = BFA4697420C1A0F80038FC24 /* Build configuration list for PBXNativeTarget "BearPolarTests" */;
			buildPhases = (
				BFA4696420C1A0F80038FC24 /* Sources */,
				BFA4696520C1A0F80038FC24 /* Frameworks */,
				BFA4696620C1A0F80038FC24 /* Resources */,
			);
			buildRules = (
			);
			dependencies = (
				BFA4696A20C1A0F80038FC24 /* PBXTargetDependency */,
			);
			name = BearPolarTests;
			productName = BearPolarTests;
			productReference = BFA4696820C1A0F80038FC24 /* BearPolarTests.xctest */;
			productType = "com.apple.product-type.bundle.unit-test";
		};
/* End PBXNativeTarget section */

/* Begin PBXProject section */
		BFA4694C20C1A0F40038FC24 /* Project object */ = {
			isa = PBXProject;
			attributes = {
				LastSwiftUpdateCheck = 0930;
				LastUpgradeCheck = 0930;
				ORGANIZATIONNAME = MacSemantics;
				TargetAttributes = {
					BFA4695320C1A0F40038FC24 = {
						CreatedOnToolsVersion = 9.3;
					};
					BFA4696720C1A0F80038FC24 = {
						CreatedOnToolsVersion = 9.3;
						TestTargetID = BFA4695320C1A0F40038FC24;
					};
				};
			};
			buildConfigurationList = BFA4694F20C1A0F40038FC24 /* Build configuration list for PBXProject "BearPolar" */;
			compatibilityVersion = "Xcode 9.3";
			developmentRegion = en;
			hasScannedForEncodings = 0;
			knownRegions = (
				en,
				Base,
			);
			mainGroup = BFA4694B20C1A0F40038FC24;
			productRefGroup = BFA4695520C1A0F40038FC24 /* Products */;
			projectDirPath = "";
			projectRoot = "";
			targets = (
				BFA4695320C1A0F40038FC24 /* BearPolar */,
				BFA4696720C1A0F80038FC24 /* BearPolarTests */,
			);
		};
/* End PBXProject section */

/* Begin PBXResourcesBuildPhase section */
		BFA4695220C1A0F40038FC24 /* Resources */ = {
			isa = PBXResourcesBuildPhase;
			buildActionMask = 2147483647;
			files = (
				BFA4696220C1A0F70038FC24 /* LaunchScreen.storyboard in Resources */,
				BFA4695F20C1A0F70038FC24 /* Assets.xcassets in Resources */,
				BFA4695D20C1A0F40038FC24 /* Main.storyboard in Resources */,
			);
			runOnlyForDeploymentPostprocessing = 0;
		};
		BFA4696620C1A0F80038FC24 /* Resources */ = {
			isa = PBXResourcesBuildPhase;
			buildActionMask = 2147483647;
			files = (
			);
			runOnlyForDeploymentPostprocessing = 0;
		};
/* End PBXResourcesBuildPhase section */

/* Begin PBXSourcesBuildPhase section */
		BFA4695020C1A0F40038FC24 /* Sources */ = {
			isa = PBXSourcesBuildPhase;
			buildActionMask = 2147483647;
			files = (
				BFA4695A20C1A0F40038FC24 /* ViewController.swift in Sources */,
				BFA4695820C1A0F40038FC24 /* AppDelegate.swift in Sources */,
			);
			runOnlyForDeploymentPostprocessing = 0;
		};
		BFA4696420C1A0F80038FC24 /* Sources */ = {
			isa = PBXSourcesBuildPhase;
			buildActionMask = 2147483647;
			files = (
				BFA4696D20C1A0F80038FC24 /* BearPolarTests.swift in Sources */,
			);
			runOnlyForDeploymentPostprocessing = 0;
		};
/* End PBXSourcesBuildPhase section */

/* Begin PBXTargetDependency section */
		BFA4696A20C1A0F80038FC24 /* PBXTargetDependency */ = {
			isa = PBXTargetDependency;
			target = BFA4695320C1A0F40038FC24 /* BearPolar */;
			targetProxy = BFA4696920C1A0F80038FC24 /* PBXContainerItemProxy */;
		};
/* End PBXTargetDependency section */

/* Begin PBXVariantGroup section */
		BFA4695B20C1A0F40038FC24 /* Main.storyboard */ = {
			isa = PBXVariantGroup;
			children = (
				BFA4695C20C1A0F40038FC24 /* Base */,
			);
			name = Main.storyboard;
			sourceTree = "<group>";
		};
		BFA4696020C1A0F70038FC24 /* LaunchScreen.storyboard */ = {
			isa = PBXVariantGroup;
			children = (
				BFA4696120C1A0F70038FC24 /* Base */,
			);
			name = LaunchScreen.storyboard;
			sourceTree = "<group>";
		};
/* End PBXVariantGroup section */

/* Begin XCBuildConfiguration section */
		BFA4696F20C1A0F80038FC24 /* Debug */ = {
			isa = XCBuildConfiguration;
			buildSettings = {
				ALWAYS_SEARCH_USER_PATHS = NO;
				CLANG_ANALYZER_NONNULL = YES;
				CLANG_ANALYZER_NUMBER_OBJECT_CONVERSION = YES_AGGRESSIVE;
				CLANG_CXX_LANGUAGE_STANDARD = "gnu++14";
				CLANG_CXX_LIBRARY = "libc++";
				CLANG_ENABLE_MODULES = YES;
				CLANG_ENABLE_OBJC_ARC = YES;
				CLANG_ENABLE_OBJC_WEAK = YES;
				CLANG_WARN_BLOCK_CAPTURE_AUTORELEASING = YES;
				CLANG_WARN_BOOL_CONVERSION = YES;
				CLANG_WARN_COMMA = YES;
				CLANG_WARN_CONSTANT_CONVERSION = YES;
				CLANG_WARN_DEPRECATED_OBJC_IMPLEMENTATIONS = YES;
				CLANG_WARN_DIRECT_OBJC_ISA_USAGE = YES_ERROR;
				CLANG_WARN_DOCUMENTATION_COMMENTS = YES;
				CLANG_WARN_EMPTY_BODY = YES;
				CLANG_WARN_ENUM_CONVERSION = YES;
				CLANG_WARN_INFINITE_RECURSION = YES;
				CLANG_WARN_INT_CONVERSION = YES;
				CLANG_WARN_NON_LITERAL_NULL_CONVERSION = YES;
				CLANG_WARN_OBJC_IMPLICIT_RETAIN_SELF = YES;
				CLANG_WARN_OBJC_LITERAL_CONVERSION = YES;
				CLANG_WARN_OBJC_ROOT_CLASS = YES_ERROR;
				CLANG_WARN_RANGE_LOOP_ANALYSIS = YES;
				CLANG_WARN_STRICT_PROTOTYPES = YES;
				CLANG_WARN_SUSPICIOUS_MOVE = YES;
				CLANG_WARN_UNGUARDED_AVAILABILITY = YES_AGGRESSIVE;
				CLANG_WARN_UNREACHABLE_CODE = YES;
				CLANG_WARN__DUPLICATE_METHOD_MATCH = YES;
				CODE_SIGN_IDENTITY = "iPhone Developer";
				COPY_PHASE_STRIP = NO;
				DEBUG_INFORMATION_FORMAT = dwarf;
				ENABLE_STRICT_OBJC_MSGSEND = YES;
				ENABLE_TESTABILITY = YES;
				GCC_C_LANGUAGE_STANDARD = gnu11;
				GCC_DYNAMIC_NO_PIC = NO;
				GCC_NO_COMMON_BLOCKS = YES;
				GCC_OPTIMIZATION_LEVEL = 0;
				GCC_PREPROCESSOR_DEFINITIONS = (
					"DEBUG=1",
					"$(inherited)",
				);
				GCC_WARN_64_TO_32_BIT_CONVERSION = YES;
				GCC_WARN_ABOUT_RETURN_TYPE = YES_ERROR;
				GCC_WARN_UNDECLARED_SELECTOR = YES;
				GCC_WARN_UNINITIALIZED_AUTOS = YES_AGGRESSIVE;
				GCC_WARN_UNUSED_FUNCTION = YES;
				GCC_WARN_UNUSED_VARIABLE = YES;
				IPHONEOS_DEPLOYMENT_TARGET = 11.3;
				MTL_ENABLE_DEBUG_INFO = YES;
				ONLY_ACTIVE_ARCH = YES;
				SDKROOT = iphoneos;
				SWIFT_ACTIVE_COMPILATION_CONDITIONS = DEBUG;
				SWIFT_OPTIMIZATION_LEVEL = "-Onone";
			};
			name = Debug;
		};
		BFA4697020C1A0F80038FC24 /* Release */ = {
			isa = XCBuildConfiguration;
			buildSettings = {
				ALWAYS_SEARCH_USER_PATHS = NO;
				CLANG_ANALYZER_NONNULL = YES;
				CLANG_ANALYZER_NUMBER_OBJECT_CONVERSION = YES_AGGRESSIVE;
				CLANG_CXX_LANGUAGE_STANDARD = "gnu++14";
				CLANG_CXX_LIBRARY = "libc++";
				CLANG_ENABLE_MODULES = YES;
				CLANG_ENABLE_OBJC_ARC = YES;
				CLANG_ENABLE_OBJC_WEAK = YES;
				CLANG_WARN_BLOCK_CAPTURE_AUTORELEASING = YES;
				CLANG_WARN_BOOL_CONVERSION = YES;
				CLANG_WARN_COMMA = YES;
				CLANG_WARN_CONSTANT_CONVERSION = YES;
				CLANG_WARN_DEPRECATED_OBJC_IMPLEMENTATIONS = YES;
				CLANG_WARN_DIRECT_OBJC_ISA_USAGE = YES_ERROR;
				CLANG_WARN_DOCUMENTATION_COMMENTS = YES;
				CLANG_WARN_EMPTY_BODY = YES;
				CLANG_WARN_ENUM_CONVERSION = YES;
				CLANG_WARN_INFINITE_RECURSION = YES;
				CLANG_WARN_INT_CONVERSION = YES;
				CLANG_WARN_NON_LITERAL_NULL_CONVERSION = YES;
				CLANG_WARN_OBJC_IMPLICIT_RETAIN_SELF = YES;
				CLANG_WARN_OBJC_LITERAL_CONVERSION = YES;
				CLANG_WARN_OBJC_ROOT_CLASS = YES_ERROR;
				CLANG_WARN_RANGE_LOOP_ANALYSIS = YES;
				CLANG_WARN_STRICT_PROTOTYPES = YES;
				CLANG_WARN_SUSPICIOUS_MOVE = YES;
				CLANG_WARN_UNGUARDED_AVAILABILITY = YES_AGGRESSIVE;
				CLANG_WARN_UNREACHABLE_CODE = YES;
				CLANG_WARN__DUPLICATE_METHOD_MATCH = YES;
				CODE_SIGN_IDENTITY = "iPhone Developer";
				COPY_PHASE_STRIP = NO;
				DEBUG_INFORMATION_FORMAT = "dwarf-with-dsym";
				ENABLE_NS_ASSERTIONS = NO;
				ENABLE_STRICT_OBJC_MSGSEND = YES;
				GCC_C_LANGUAGE_STANDARD = gnu11;
				GCC_NO_COMMON_BLOCKS = YES;
				GCC_WARN_64_TO_32_BIT_CONVERSION = YES;
				GCC_WARN_ABOUT_RETURN_TYPE = YES_ERROR;
				GCC_WARN_UNDECLARED_SELECTOR = YES;
				GCC_WARN_UNINITIALIZED_AUTOS = YES_AGGRESSIVE;
				GCC_WARN_UNUSED_FUNCTION = YES;
				GCC_WARN_UNUSED_VARIABLE = YES;
				IPHONEOS_DEPLOYMENT_TARGET = 11.3;
				MTL_ENABLE_DEBUG_INFO = NO;
				SDKROOT = iphoneos;
				SWIFT_COMPILATION_MODE = wholemodule;
				SWIFT_OPTIMIZATION_LEVEL = "-O";
				VALIDATE_PRODUCT = YES;
			};
			name = Release;
		};
		BFA4697220C1A0F80038FC24 /* Debug */ = {
			isa = XCBuildConfiguration;
			buildSettings = {
				ASSETCATALOG_COMPILER_APPICON_NAME = AppIcon;
				CODE_SIGN_STYLE = Automatic;
				DEVELOPMENT_TEAM = DLH9UBQV34;
				INFOPLIST_FILE = BearPolar/Info.plist;
				LD_RUNPATH_SEARCH_PATHS = (
					"$(inherited)",
					"@executable_path/Frameworks",
				);
				PRODUCT_BUNDLE_IDENTIFIER = com.macsemantics.BearPolar;
				PRODUCT_NAME = "$(TARGET_NAME)";
				SWIFT_VERSION = 4.0;
				TARGETED_DEVICE_FAMILY = "1,2";
			};
			name = Debug;
		};
		BFA4697320C1A0F80038FC24 /* Release */ = {
			isa = XCBuildConfiguration;
			buildSettings = {
				ASSETCATALOG_COMPILER_APPICON_NAME = AppIcon;
				CODE_SIGN_STYLE = Automatic;
				DEVELOPMENT_TEAM = DLH9UBQV34;
				INFOPLIST_FILE = BearPolar/Info.plist;
				LD_RUNPATH_SEARCH_PATHS = (
					"$(inherited)",
					"@executable_path/Frameworks",
				);
				PRODUCT_BUNDLE_IDENTIFIER = com.macsemantics.BearPolar;
				PRODUCT_NAME = "$(TARGET_NAME)";
				SWIFT_VERSION = 4.0;
				TARGETED_DEVICE_FAMILY = "1,2";
			};
			name = Release;
		};
		BFA4697520C1A0F80038FC24 /* Debug */ = {
			isa = XCBuildConfiguration;
			buildSettings = {
				ALWAYS_EMBED_SWIFT_STANDARD_LIBRARIES = YES;
				BUNDLE_LOADER = "$(TEST_HOST)";
				CODE_SIGN_STYLE = Automatic;
				DEVELOPMENT_TEAM = DLH9UBQV34;
				INFOPLIST_FILE = BearPolarTests/Info.plist;
				LD_RUNPATH_SEARCH_PATHS = (
					"$(inherited)",
					"@executable_path/Frameworks",
					"@loader_path/Frameworks",
				);
				PRODUCT_BUNDLE_IDENTIFIER = com.macsemantics.BearPolarTests;
				PRODUCT_NAME = "$(TARGET_NAME)";
				SWIFT_VERSION = 4.0;
				TARGETED_DEVICE_FAMILY = "1,2";
				TEST_HOST = "$(BUILT_PRODUCTS_DIR)/BearPolar.app/BearPolar";
			};
			name = Debug;
		};
		BFA4697620C1A0F80038FC24 /* Release */ = {
			isa = XCBuildConfiguration;
			buildSettings = {
				ALWAYS_EMBED_SWIFT_STANDARD_LIBRARIES = YES;
				BUNDLE_LOADER = "$(TEST_HOST)";
				CODE_SIGN_STYLE = Automatic;
				DEVELOPMENT_TEAM = DLH9UBQV34;
				INFOPLIST_FILE = BearPolarTests/Info.plist;
				LD_RUNPATH_SEARCH_PATHS = (
					"$(inherited)",
					"@executable_path/Frameworks",
					"@loader_path/Frameworks",
				);
				PRODUCT_BUNDLE_IDENTIFIER = com.macsemantics.BearPolarTests;
				PRODUCT_NAME = "$(TARGET_NAME)";
				SWIFT_VERSION = 4.0;
				TARGETED_DEVICE_FAMILY = "1,2";
				TEST_HOST = "$(BUILT_PRODUCTS_DIR)/BearPolar.app/BearPolar";
			};
			name = Release;
		};
/* End XCBuildConfiguration section */

/* Begin XCConfigurationList section */
		BFA4694F20C1A0F40038FC24 /* Build configuration list for PBXProject "BearPolar" */ = {
			isa = XCConfigurationList;
			buildConfigurations = (
				BFA4696F20C1A0F80038FC24 /* Debug */,
				BFA4697020C1A0F80038FC24 /* Release */,
			);
			defaultConfigurationIsVisible = 0;
			defaultConfigurationName = Release;
		};
		BFA4697120C1A0F80038FC24 /* Build configuration list for PBXNativeTarget "BearPolar" */ = {
			isa = XCConfigurationList;
			buildConfigurations = (
				BFA4697220C1A0F80038FC24 /* Debug */,
				BFA4697320C1A0F80038FC24 /* Release */,
			);
			defaultConfigurationIsVisible = 0;
			defaultConfigurationName = Release;
		};
		BFA4697420C1A0F80038FC24 /* Build configuration list for PBXNativeTarget "BearPolarTests" */ = {
			isa = XCConfigurationList;
			buildConfigurations = (
				BFA4697520C1A0F80038FC24 /* Debug */,
				BFA4697620C1A0F80038FC24 /* Release */,
			);
			defaultConfigurationIsVisible = 0;
			defaultConfigurationName = Release;
		};
/* End XCConfigurationList section */
	};
	rootObject = BFA4694C20C1A0F40038FC24 /* Project object */;
}
